
Microsoft Visual Studio Solution File, Format Version 12.00
# Visual Studio 2012
Project("{8BC9CEB8-8B4A-11D0-8D11-00A0C91BC942}") = "ОС и БД 2", "ОС и БД 2\ОС и БД 2.vcxproj", "{B7AE105A-C856-486E-9F76-98B56578F0BD}"
EndProject
Global
	GlobalSection(SolutionConfigurationPlatforms) = preSolution
		Debug|Win32 = Debug|Win32
		Release|Win32 = Release|Win32
	EndGlobalSection
	GlobalSection(ProjectConfigurationPlatforms) = postSolution
		{B7AE105A-C856-486E-9F76-98B56578F0BD}.Debug|Win32.ActiveCfg = Debug|Win32
		{B7AE105A-C856-486E-9F76-98B56578F0BD}.Debug|Win32.Build.0 = Debug|Win32
		{B7AE105A-C856-486E-9F76-98B56578F0BD}.Release|Win32.ActiveCfg = Release|Win32
		{B7AE105A-C856-486E-9F76-98B56578F0BD}.Release|Win32.Build.0 = Release|Win32
	EndGlobalSection
	GlobalSection(SolutionProperties) = preSolution
		HideSolutionNode = FALSE
	EndGlobalSection
EndGlobal
