
Microsoft Visual Studio Solution File, Format Version 12.00
# Visual Studio Version 16
VisualStudioVersion = 16.0.31129.286
MinimumVisualStudioVersion = 10.0.40219.1
Project("{FAE04EC0-301F-11D3-BF4B-00C04F79EFBC}") = "LR2", "LR2.csproj", "{A03F60DE-F0FC-412E-943B-5936CE1A2F47}"
EndProject
Project("{FAE04EC0-301F-11D3-BF4B-00C04F79EFBC}") = "Test", "..\Test\Test.csproj", "{8BBC49EB-D4E0-4CDE-B5C3-56146F9CDF59}"
EndProject
Project("{FAE04EC0-301F-11D3-BF4B-00C04F79EFBC}") = "CircleButtonTest", "..\CircleButtonTest\CircleButtonTest.csproj", "{6590307F-F97F-4605-BEE3-CD6316A9835B}"
EndProject
Global
	GlobalSection(SolutionConfigurationPlatforms) = preSolution
		Debug|Any CPU = Debug|Any CPU
		Release|Any CPU = Release|Any CPU
	EndGlobalSection
	GlobalSection(ProjectConfigurationPlatforms) = postSolution
		{A03F60DE-F0FC-412E-943B-5936CE1A2F47}.Debug|Any CPU.ActiveCfg = Debug|Any CPU
		{A03F60DE-F0FC-412E-943B-5936CE1A2F47}.Debug|Any CPU.Build.0 = Debug|Any CPU
		{A03F60DE-F0FC-412E-943B-5936CE1A2F47}.Release|Any CPU.ActiveCfg = Release|Any CPU
		{A03F60DE-F0FC-412E-943B-5936CE1A2F47}.Release|Any CPU.Build.0 = Release|Any CPU
		{8BBC49EB-D4E0-4CDE-B5C3-56146F9CDF59}.Debug|Any CPU.ActiveCfg = Debug|Any CPU
		{8BBC49EB-D4E0-4CDE-B5C3-56146F9CDF59}.Debug|Any CPU.Build.0 = Debug|Any CPU
		{8BBC49EB-D4E0-4CDE-B5C3-56146F9CDF59}.Release|Any CPU.ActiveCfg = Release|Any CPU
		{8BBC49EB-D4E0-4CDE-B5C3-56146F9CDF59}.Release|Any CPU.Build.0 = Release|Any CPU
		{6590307F-F97F-4605-BEE3-CD6316A9835B}.Debug|Any CPU.ActiveCfg = Debug|Any CPU
		{6590307F-F97F-4605-BEE3-CD6316A9835B}.Debug|Any CPU.Build.0 = Debug|Any CPU
		{6590307F-F97F-4605-BEE3-CD6316A9835B}.Release|Any CPU.ActiveCfg = Release|Any CPU
		{6590307F-F97F-4605-BEE3-CD6316A9835B}.Release|Any CPU.Build.0 = Release|Any CPU
	EndGlobalSection
	GlobalSection(SolutionProperties) = preSolution
		HideSolutionNode = FALSE
	EndGlobalSection
	GlobalSection(ExtensibilityGlobals) = postSolution
		SolutionGuid = {65EE9996-9719-4298-9BC7-3AB37F878C3E}
	EndGlobalSection
EndGlobal
