
Microsoft Visual Studio Solution File, Format Version 12.00
# Visual Studio 2012
Project("{8BC9CEB8-8B4A-11D0-8D11-00A0C91BC942}") = "Сем3_циклический", "Сем3_циклический\Сем3_циклический.vcxproj", "{BF1D3215-EEC7-4C4F-AD9B-9E06AFDEAEDB}"
EndProject
Global
	GlobalSection(SolutionConfigurationPlatforms) = preSolution
		Debug|Win32 = Debug|Win32
		Release|Win32 = Release|Win32
	EndGlobalSection
	GlobalSection(ProjectConfigurationPlatforms) = postSolution
		{BF1D3215-EEC7-4C4F-AD9B-9E06AFDEAEDB}.Debug|Win32.ActiveCfg = Debug|Win32
		{BF1D3215-EEC7-4C4F-AD9B-9E06AFDEAEDB}.Debug|Win32.Build.0 = Debug|Win32
		{BF1D3215-EEC7-4C4F-AD9B-9E06AFDEAEDB}.Release|Win32.ActiveCfg = Release|Win32
		{BF1D3215-EEC7-4C4F-AD9B-9E06AFDEAEDB}.Release|Win32.Build.0 = Release|Win32
	EndGlobalSection
	GlobalSection(SolutionProperties) = preSolution
		HideSolutionNode = FALSE
	EndGlobalSection
EndGlobal
